
Microsoft Visual Studio Solution File, Format Version 12.00
# Visual Studio Version 17
VisualStudioVersion = 17.2.32602.215
MinimumVisualStudioVersion = 10.0.40219.1
Project("{888888A0-9F3D-457C-B088-3A5042F75D52}") = "NewBOTtest", "NewBOTtest\NewBOTtest.pyproj", "{EBDCEEC7-46FB-4C0D-B0F1-64D4F630817B}"
EndProject
Global
	GlobalSection(SolutionConfigurationPlatforms) = preSolution
		Debug|Any CPU = Debug|Any CPU
		Release|Any CPU = Release|Any CPU
	EndGlobalSection
	GlobalSection(ProjectConfigurationPlatforms) = postSolution
		{EBDCEEC7-46FB-4C0D-B0F1-64D4F630817B}.Debug|Any CPU.ActiveCfg = Debug|Any CPU
		{EBDCEEC7-46FB-4C0D-B0F1-64D4F630817B}.Release|Any CPU.ActiveCfg = Release|Any CPU
	EndGlobalSection
	GlobalSection(SolutionProperties) = preSolution
		HideSolutionNode = FALSE
	EndGlobalSection
	GlobalSection(ExtensibilityGlobals) = postSolution
		SolutionGuid = {AD0DC33E-D0ED-4116-BDA5-3A3CC8A15F51}
	EndGlobalSection
EndGlobal
